// !$*UTF8*$!
{
	archiveVersion = 1;
	classes = {
	};
	objectVersion = 56;
	objects = {

/* Begin PBXBuildFile section */
		092D87DE2ADF46EB00611180 /* Improve in Resources */ = {isa = PBXBuildFile; fileRef = 092D87DD2ADF46EB00611180 /* Improve */; };
		09713CA42AC5E9E50055A195 /* AppDelegate.swift in Sources */ = {isa = PBXBuildFile; fileRef = 09713CA32AC5E9E50055A195 /* AppDelegate.swift */; };
		09713CA62AC5E9E50055A195 /* SceneDelegate.swift in Sources */ = {isa = PBXBuildFile; fileRef = 09713CA52AC5E9E50055A195 /* SceneDelegate.swift */; };
		09713CA82AC5E9E50055A195 /* ViewController.swift in Sources */ = {isa = PBXBuildFile; fileRef = 09713CA72AC5E9E50055A195 /* ViewController.swift */; };
		09713CAB2AC5E9E50055A195 /* Main.storyboard in Resources */ = {isa = PBXBuildFile; fileRef = 09713CA92AC5E9E50055A195 /* Main.storyboard */; };
		09713CAE2AC5E9E50055A195 /* MasterTaskCode.xcdatamodeld in Sources */ = {isa = PBXBuildFile; fileRef = 09713CAC2AC5E9E50055A195 /* MasterTaskCode.xcdatamodeld */; };
		09713CB02AC5E9E70055A195 /* Assets.xcassets in Resources */ = {isa = PBXBuildFile; fileRef = 09713CAF2AC5E9E70055A195 /* Assets.xcassets */; };
		09713CB32AC5E9E70055A195 /* LaunchScreen.storyboard in Resources */ = {isa = PBXBuildFile; fileRef = 09713CB12AC5E9E70055A195 /* LaunchScreen.storyboard */; };
		09713CBE2AC5E9E80055A195 /* MasterTaskCodeTests.swift in Sources */ = {isa = PBXBuildFile; fileRef = 09713CBD2AC5E9E80055A195 /* MasterTaskCodeTests.swift */; };
		09713CC82AC5E9E80055A195 /* MasterTaskCodeUITests.swift in Sources */ = {isa = PBXBuildFile; fileRef = 09713CC72AC5E9E80055A195 /* MasterTaskCodeUITests.swift */; };
		09713CCA2AC5E9E80055A195 /* MasterTaskCodeUITestsLaunchTests.swift in Sources */ = {isa = PBXBuildFile; fileRef = 09713CC92AC5E9E80055A195 /* MasterTaskCodeUITestsLaunchTests.swift */; };
		09713CD72AC5EA7F0055A195 /* PreparationPlan.swift in Sources */ = {isa = PBXBuildFile; fileRef = 09713CD62AC5EA7F0055A195 /* PreparationPlan.swift */; };
		09713CDC2AC5EAB60055A195 /* NetworkConstant.swift in Sources */ = {isa = PBXBuildFile; fileRef = 09713CDA2AC5EAB60055A195 /* NetworkConstant.swift */; };
		09713CDD2AC5EAB60055A195 /* NetworkManager.swift in Sources */ = {isa = PBXBuildFile; fileRef = 09713CDB2AC5EAB60055A195 /* NetworkManager.swift */; };
		09713CE22AC5EAD30055A195 /* DateHelper.swift in Sources */ = {isa = PBXBuildFile; fileRef = 09713CDE2AC5EAD20055A195 /* DateHelper.swift */; };
		09713CE32AC5EAD30055A195 /* AlertVC.swift in Sources */ = {isa = PBXBuildFile; fileRef = 09713CDF2AC5EAD20055A195 /* AlertVC.swift */; };
		09713CE42AC5EAD30055A195 /* WeatherError.swift in Sources */ = {isa = PBXBuildFile; fileRef = 09713CE02AC5EAD20055A195 /* WeatherError.swift */; };
		09713CE52AC5EAD30055A195 /* Constants.swift in Sources */ = {isa = PBXBuildFile; fileRef = 09713CE12AC5EAD20055A195 /* Constants.swift */; };
		09713CE92AC5EB420055A195 /* LanchScreenViewController.swift in Sources */ = {isa = PBXBuildFile; fileRef = 09713CE82AC5EB420055A195 /* LanchScreenViewController.swift */; };
		0992B6462AD0A1B20009DA5F /* PreparationPlan in Resources */ = {isa = PBXBuildFile; fileRef = 0992B6452AD0A1B20009DA5F /* PreparationPlan */; };
		0992B64A2AD614520009DA5F /* ToyotaCodingTask.pdf in Resources */ = {isa = PBXBuildFile; fileRef = 0992B6492AD614520009DA5F /* ToyotaCodingTask.pdf */; };
		0992B64C2AD614760009DA5F /* AA Coding Exercise.pdf in Resources */ = {isa = PBXBuildFile; fileRef = 0992B64B2AD614760009DA5F /* AA Coding Exercise.pdf */; };
		0992B6502AD6162A0009DA5F /* MAAD-MobileEngineerCandidateCodeExercisev2.1-050521-1950.pdf in Resources */ = {isa = PBXBuildFile; fileRef = 0992B64F2AD6162A0009DA5F /* MAAD-MobileEngineerCandidateCodeExercisev2.1-050521-1950.pdf */; };
		09CC9C642AD6186B00D02301 /* NYC School Code Challenge_iOS.pdf 18-40-05-038.pdf in Resources */ = {isa = PBXBuildFile; fileRef = 09CC9C632AD6186B00D02301 /* NYC School Code Challenge_iOS.pdf 18-40-05-038.pdf */; };
		09CC9C662AD619C700D02301 /* SchoolViewModel.swift in Sources */ = {isa = PBXBuildFile; fileRef = 09CC9C652AD619C700D02301 /* SchoolViewModel.swift */; };
		09CC9C692AD619E000D02301 /* School.swift in Sources */ = {isa = PBXBuildFile; fileRef = 09CC9C672AD619E000D02301 /* School.swift */; };
		09CC9C6A2AD619E000D02301 /* SATScore.swift in Sources */ = {isa = PBXBuildFile; fileRef = 09CC9C682AD619E000D02301 /* SATScore.swift */; };
		09CC9C6C2AD7AFAE00D02301 /* DetailsViewController.swift in Sources */ = {isa = PBXBuildFile; fileRef = 09CC9C6B2AD7AFAE00D02301 /* DetailsViewController.swift */; };
		09CC9C6E2AD875B600D02301 /* NikeTask.pdf in Resources */ = {isa = PBXBuildFile; fileRef = 09CC9C6D2AD875B600D02301 /* NikeTask.pdf */; };
		09CC9C702AD875EF00D02301 /* NikeTask in Resources */ = {isa = PBXBuildFile; fileRef = 09CC9C6F2AD875EF00D02301 /* NikeTask */; };
		09CC9C722AD8764800D02301 /* LoaderView.swift in Sources */ = {isa = PBXBuildFile; fileRef = 09CC9C712AD8764800D02301 /* LoaderView.swift */; };
		09D06C572B1E456500B5623D /* Challenge-iOS.pdf in Resources */ = {isa = PBXBuildFile; fileRef = 09D06C562B1E456400B5623D /* Challenge-iOS.pdf */; };
		09E16A1A2AD8F33D008B9345 /* SchoolDetailsViewmodel.swift in Sources */ = {isa = PBXBuildFile; fileRef = 09E16A192AD8F33D008B9345 /* SchoolDetailsViewmodel.swift */; };
		09E16A1D2ADB467E008B9345 /* README.md in Resources */ = {isa = PBXBuildFile; fileRef = 09E16A1C2ADB467E008B9345 /* README.md */; };
		09E16A1F2ADB46B5008B9345 /* Flightcamp in Resources */ = {isa = PBXBuildFile; fileRef = 09E16A1E2ADB46B5008B9345 /* Flightcamp */; };
		09E16A212ADB4733008B9345 /* RSSportfolio in Resources */ = {isa = PBXBuildFile; fileRef = 09E16A202ADB4733008B9345 /* RSSportfolio */; };
/* End PBXBuildFile section */

/* Begin PBXContainerItemProxy section */
		09713CBA2AC5E9E80055A195 /* PBXContainerItemProxy */ = {
			isa = PBXContainerItemProxy;
			containerPortal = 09713C982AC5E9E50055A195 /* Project object */;
			proxyType = 1;
			remoteGlobalIDString = 09713C9F2AC5E9E50055A195;
			remoteInfo = MasterTaskCode;
		};
		09713CC42AC5E9E80055A195 /* PBXContainerItemProxy */ = {
			isa = PBXContainerItemProxy;
			containerPortal = 09713C982AC5E9E50055A195 /* Project object */;
			proxyType = 1;
			remoteGlobalIDString = 09713C9F2AC5E9E50055A195;
			remoteInfo = MasterTaskCode;
		};
/* End PBXContainerItemProxy section */

/* Begin PBXFileReference section */
		092D87DD2ADF46EB00611180 /* Improve */ = {isa = PBXFileReference; lastKnownFileType = text; path = Improve; sourceTree = "<group>"; };
		09713CA02AC5E9E50055A195 /* MasterTaskCode.app */ = {isa = PBXFileReference; explicitFileType = wrapper.application; includeInIndex = 0; path = MasterTaskCode.app; sourceTree = BUILT_PRODUCTS_DIR; };
		09713CA32AC5E9E50055A195 /* AppDelegate.swift */ = {isa = PBXFileReference; lastKnownFileType = sourcecode.swift; path = AppDelegate.swift; sourceTree = "<group>"; };
		09713CA52AC5E9E50055A195 /* SceneDelegate.swift */ = {isa = PBXFileReference; lastKnownFileType = sourcecode.swift; path = SceneDelegate.swift; sourceTree = "<group>"; };
		09713CA72AC5E9E50055A195 /* ViewController.swift */ = {isa = PBXFileReference; lastKnownFileType = sourcecode.swift; path = ViewController.swift; sourceTree = "<group>"; };
		09713CAA2AC5E9E50055A195 /* Base */ = {isa = PBXFileReference; lastKnownFileType = file.storyboard; name = Base; path = Base.lproj/Main.storyboard; sourceTree = "<group>"; };
		09713CAD2AC5E9E50055A195 /* MasterTaskCode.xcdatamodel */ = {isa = PBXFileReference; lastKnownFileType = wrapper.xcdatamodel; path = MasterTaskCode.xcdatamodel; sourceTree = "<group>"; };
		09713CAF2AC5E9E70055A195 /* Assets.xcassets */ = {isa = PBXFileReference; lastKnownFileType = folder.assetcatalog; path = Assets.xcassets; sourceTree = "<group>"; };
		09713CB22AC5E9E70055A195 /* Base */ = {isa = PBXFileReference; lastKnownFileType = file.storyboard; name = Base; path = Base.lproj/LaunchScreen.storyboard; sourceTree = "<group>"; };
		09713CB42AC5E9E80055A195 /* Info.plist */ = {isa = PBXFileReference; lastKnownFileType = text.plist.xml; path = Info.plist; sourceTree = "<group>"; };
		09713CB92AC5E9E80055A195 /* MasterTaskCodeTests.xctest */ = {isa = PBXFileReference; explicitFileType = wrapper.cfbundle; includeInIndex = 0; path = MasterTaskCodeTests.xctest; sourceTree = BUILT_PRODUCTS_DIR; };
		09713CBD2AC5E9E80055A195 /* MasterTaskCodeTests.swift */ = {isa = PBXFileReference; lastKnownFileType = sourcecode.swift; path = MasterTaskCodeTests.swift; sourceTree = "<group>"; };
		09713CC32AC5E9E80055A195 /* MasterTaskCodeUITests.xctest */ = {isa = PBXFileReference; explicitFileType = wrapper.cfbundle; includeInIndex = 0; path = MasterTaskCodeUITests.xctest; sourceTree = BUILT_PRODUCTS_DIR; };
		09713CC72AC5E9E80055A195 /* MasterTaskCodeUITests.swift */ = {isa = PBXFileReference; lastKnownFileType = sourcecode.swift; path = MasterTaskCodeUITests.swift; sourceTree = "<group>"; };
		09713CC92AC5E9E80055A195 /* MasterTaskCodeUITestsLaunchTests.swift */ = {isa = PBXFileReference; lastKnownFileType = sourcecode.swift; path = MasterTaskCodeUITestsLaunchTests.swift; sourceTree = "<group>"; };
		09713CD62AC5EA7F0055A195 /* PreparationPlan.swift */ = {isa = PBXFileReference; fileEncoding = 4; lastKnownFileType = sourcecode.swift; path = PreparationPlan.swift; sourceTree = "<group>"; };
		09713CDA2AC5EAB60055A195 /* NetworkConstant.swift */ = {isa = PBXFileReference; fileEncoding = 4; lastKnownFileType = sourcecode.swift; path = NetworkConstant.swift; sourceTree = "<group>"; };
		09713CDB2AC5EAB60055A195 /* NetworkManager.swift */ = {isa = PBXFileReference; fileEncoding = 4; lastKnownFileType = sourcecode.swift; path = NetworkManager.swift; sourceTree = "<group>"; };
		09713CDE2AC5EAD20055A195 /* DateHelper.swift */ = {isa = PBXFileReference; fileEncoding = 4; lastKnownFileType = sourcecode.swift; path = DateHelper.swift; sourceTree = "<group>"; };
		09713CDF2AC5EAD20055A195 /* AlertVC.swift */ = {isa = PBXFileReference; fileEncoding = 4; lastKnownFileType = sourcecode.swift; path = AlertVC.swift; sourceTree = "<group>"; };
		09713CE02AC5EAD20055A195 /* WeatherError.swift */ = {isa = PBXFileReference; fileEncoding = 4; lastKnownFileType = sourcecode.swift; path = WeatherError.swift; sourceTree = "<group>"; };
		09713CE12AC5EAD20055A195 /* Constants.swift */ = {isa = PBXFileReference; fileEncoding = 4; lastKnownFileType = sourcecode.swift; path = Constants.swift; sourceTree = "<group>"; };
		09713CE82AC5EB420055A195 /* LanchScreenViewController.swift */ = {isa = PBXFileReference; lastKnownFileType = sourcecode.swift; path = LanchScreenViewController.swift; sourceTree = "<group>"; };
		0992B6452AD0A1B20009DA5F /* PreparationPlan */ = {isa = PBXFileReference; lastKnownFileType = text; path = PreparationPlan; sourceTree = "<group>"; };
		0992B6492AD614520009DA5F /* ToyotaCodingTask.pdf */ = {isa = PBXFileReference; lastKnownFileType = image.pdf; path = ToyotaCodingTask.pdf; sourceTree = "<group>"; };
		0992B64B2AD614760009DA5F /* AA Coding Exercise.pdf */ = {isa = PBXFileReference; lastKnownFileType = image.pdf; path = "AA Coding Exercise.pdf"; sourceTree = "<group>"; };
		0992B64F2AD6162A0009DA5F /* MAAD-MobileEngineerCandidateCodeExercisev2.1-050521-1950.pdf */ = {isa = PBXFileReference; lastKnownFileType = image.pdf; path = "MAAD-MobileEngineerCandidateCodeExercisev2.1-050521-1950.pdf"; sourceTree = "<group>"; };
		09CC9C632AD6186B00D02301 /* NYC School Code Challenge_iOS.pdf 18-40-05-038.pdf */ = {isa = PBXFileReference; lastKnownFileType = image.pdf; path = "NYC School Code Challenge_iOS.pdf 18-40-05-038.pdf"; sourceTree = "<group>"; };
		09CC9C652AD619C700D02301 /* SchoolViewModel.swift */ = {isa = PBXFileReference; lastKnownFileType = sourcecode.swift; path = SchoolViewModel.swift; sourceTree = "<group>"; };
		09CC9C672AD619E000D02301 /* School.swift */ = {isa = PBXFileReference; fileEncoding = 4; lastKnownFileType = sourcecode.swift; path = School.swift; sourceTree = "<group>"; };
		09CC9C682AD619E000D02301 /* SATScore.swift */ = {isa = PBXFileReference; fileEncoding = 4; lastKnownFileType = sourcecode.swift; path = SATScore.swift; sourceTree = "<group>"; };
		09CC9C6B2AD7AFAE00D02301 /* DetailsViewController.swift */ = {isa = PBXFileReference; lastKnownFileType = sourcecode.swift; path = DetailsViewController.swift; sourceTree = "<group>"; };
		09CC9C6D2AD875B600D02301 /* NikeTask.pdf */ = {isa = PBXFileReference; lastKnownFileType = image.pdf; path = NikeTask.pdf; sourceTree = "<group>"; };
		09CC9C6F2AD875EF00D02301 /* NikeTask */ = {isa = PBXFileReference; lastKnownFileType = text; path = NikeTask; sourceTree = "<group>"; };
		09CC9C712AD8764800D02301 /* LoaderView.swift */ = {isa = PBXFileReference; fileEncoding = 4; lastKnownFileType = sourcecode.swift; path = LoaderView.swift; sourceTree = "<group>"; };
		09D06C562B1E456400B5623D /* Challenge-iOS.pdf */ = {isa = PBXFileReference; lastKnownFileType = image.pdf; path = "Challenge-iOS.pdf"; sourceTree = "<group>"; };
		09E16A192AD8F33D008B9345 /* SchoolDetailsViewmodel.swift */ = {isa = PBXFileReference; lastKnownFileType = sourcecode.swift; path = SchoolDetailsViewmodel.swift; sourceTree = "<group>"; };
		09E16A1C2ADB467E008B9345 /* README.md */ = {isa = PBXFileReference; fileEncoding = 4; lastKnownFileType = net.daringfireball.markdown; path = README.md; sourceTree = "<group>"; };
		09E16A1E2ADB46B5008B9345 /* Flightcamp */ = {isa = PBXFileReference; lastKnownFileType = text; path = Flightcamp; sourceTree = "<group>"; };
		09E16A202ADB4733008B9345 /* RSSportfolio */ = {isa = PBXFileReference; lastKnownFileType = text; path = RSSportfolio; sourceTree = "<group>"; };
/* End PBXFileReference section */

/* Begin PBXFrameworksBuildPhase section */
		09713C9D2AC5E9E50055A195 /* Frameworks */ = {
			isa = PBXFrameworksBuildPhase;
			buildActionMask = 2147483647;
			files = (
			);
			runOnlyForDeploymentPostprocessing = 0;
		};
		09713CB62AC5E9E80055A195 /* Frameworks */ = {
			isa = PBXFrameworksBuildPhase;
			buildActionMask = 2147483647;
			files = (
			);
			runOnlyForDeploymentPostprocessing = 0;
		};
		09713CC02AC5E9E80055A195 /* Frameworks */ = {
			isa = PBXFrameworksBuildPhase;
			buildActionMask = 2147483647;
			files = (
			);
			runOnlyForDeploymentPostprocessing = 0;
		};
/* End PBXFrameworksBuildPhase section */

/* Begin PBXGroup section */
		09713C972AC5E9E50055A195 = {
			isa = PBXGroup;
			children = (
				09713CA22AC5E9E50055A195 /* MasterTaskCode */,
				09713CBC2AC5E9E80055A195 /* MasterTaskCodeTests */,
				09713CC62AC5E9E80055A195 /* MasterTaskCodeUITests */,
				09713CA12AC5E9E50055A195 /* Products */,
			);
			sourceTree = "<group>";
		};
		09713CA12AC5E9E50055A195 /* Products */ = {
			isa = PBXGroup;
			children = (
				09713CA02AC5E9E50055A195 /* MasterTaskCode.app */,
				09713CB92AC5E9E80055A195 /* MasterTaskCodeTests.xctest */,
				09713CC32AC5E9E80055A195 /* MasterTaskCodeUITests.xctest */,
			);
			name = Products;
			sourceTree = "<group>";
		};
		09713CA22AC5E9E50055A195 /* MasterTaskCode */ = {
			isa = PBXGroup;
			children = (
				0992B6512AD617FC0009DA5F /* Tasks */,
				09713CA32AC5E9E50055A195 /* AppDelegate.swift */,
				09713CA52AC5E9E50055A195 /* SceneDelegate.swift */,
				09E16A1B2AD8F82A008B9345 /* Views */,
				09713CEB2AC5EB590055A195 /* ViewModels */,
				09713CEA2AC5EB4E0055A195 /* Models */,
				09713CE72AC5EB0E0055A195 /* Services */,
				09713CE62AC5EADA0055A195 /* Helpers */,
				09713CEC2AC5EB7A0055A195 /* Utilities */,
				09713CA92AC5E9E50055A195 /* Main.storyboard */,
				09713CB12AC5E9E70055A195 /* LaunchScreen.storyboard */,
				09713CB42AC5E9E80055A195 /* Info.plist */,
				09713CAC2AC5E9E50055A195 /* MasterTaskCode.xcdatamodeld */,
			);
			path = MasterTaskCode;
			sourceTree = "<group>";
		};
		09713CBC2AC5E9E80055A195 /* MasterTaskCodeTests */ = {
			isa = PBXGroup;
			children = (
				09713CBD2AC5E9E80055A195 /* MasterTaskCodeTests.swift */,
			);
			path = MasterTaskCodeTests;
			sourceTree = "<group>";
		};
		09713CC62AC5E9E80055A195 /* MasterTaskCodeUITests */ = {
			isa = PBXGroup;
			children = (
				09713CC72AC5E9E80055A195 /* MasterTaskCodeUITests.swift */,
				09713CC92AC5E9E80055A195 /* MasterTaskCodeUITestsLaunchTests.swift */,
			);
			path = MasterTaskCodeUITests;
			sourceTree = "<group>";
		};
		09713CE62AC5EADA0055A195 /* Helpers */ = {
			isa = PBXGroup;
			children = (
				09713CDF2AC5EAD20055A195 /* AlertVC.swift */,
				09713CE12AC5EAD20055A195 /* Constants.swift */,
				09713CDE2AC5EAD20055A195 /* DateHelper.swift */,
				09713CE02AC5EAD20055A195 /* WeatherError.swift */,
				09CC9C712AD8764800D02301 /* LoaderView.swift */,
			);
			path = Helpers;
			sourceTree = "<group>";
		};
		09713CE72AC5EB0E0055A195 /* Services */ = {
			isa = PBXGroup;
			children = (
				09713CDB2AC5EAB60055A195 /* NetworkManager.swift */,
				09713CDA2AC5EAB60055A195 /* NetworkConstant.swift */,
			);
			path = Services;
			sourceTree = "<group>";
		};
		09713CEA2AC5EB4E0055A195 /* Models */ = {
			isa = PBXGroup;
			children = (
				09CC9C672AD619E000D02301 /* School.swift */,
				09CC9C682AD619E000D02301 /* SATScore.swift */,
			);
			path = Models;
			sourceTree = "<group>";
		};
		09713CEB2AC5EB590055A195 /* ViewModels */ = {
			isa = PBXGroup;
			children = (
				09CC9C652AD619C700D02301 /* SchoolViewModel.swift */,
				09E16A192AD8F33D008B9345 /* SchoolDetailsViewmodel.swift */,
			);
			path = ViewModels;
			sourceTree = "<group>";
		};
		09713CEC2AC5EB7A0055A195 /* Utilities */ = {
			isa = PBXGroup;
			children = (
				09713CAF2AC5E9E70055A195 /* Assets.xcassets */,
			);
			path = Utilities;
			sourceTree = "<group>";
		};
		0992B6512AD617FC0009DA5F /* Tasks */ = {
			isa = PBXGroup;
			children = (
				09713CD62AC5EA7F0055A195 /* PreparationPlan.swift */,
				0992B6452AD0A1B20009DA5F /* PreparationPlan */,
				092D87DD2ADF46EB00611180 /* Improve */,
				09CC9C6F2AD875EF00D02301 /* NikeTask */,
				09E16A1E2ADB46B5008B9345 /* Flightcamp */,
				09E16A202ADB4733008B9345 /* RSSportfolio */,
				09D06C562B1E456400B5623D /* Challenge-iOS.pdf */,
				09E16A1C2ADB467E008B9345 /* README.md */,
				09CC9C632AD6186B00D02301 /* NYC School Code Challenge_iOS.pdf 18-40-05-038.pdf */,
				09CC9C6D2AD875B600D02301 /* NikeTask.pdf */,
				0992B64F2AD6162A0009DA5F /* MAAD-MobileEngineerCandidateCodeExercisev2.1-050521-1950.pdf */,
				0992B64B2AD614760009DA5F /* AA Coding Exercise.pdf */,
				0992B6492AD614520009DA5F /* ToyotaCodingTask.pdf */,
			);
			path = Tasks;
			sourceTree = "<group>";
		};
		09E16A1B2AD8F82A008B9345 /* Views */ = {
			isa = PBXGroup;
			children = (
				09713CE82AC5EB420055A195 /* LanchScreenViewController.swift */,
				09713CA72AC5E9E50055A195 /* ViewController.swift */,
				09CC9C6B2AD7AFAE00D02301 /* DetailsViewController.swift */,
			);
			path = Views;
			sourceTree = "<group>";
		};
/* End PBXGroup section */

/* Begin PBXNativeTarget section */
		09713C9F2AC5E9E50055A195 /* MasterTaskCode */ = {
			isa = PBXNativeTarget;
			buildConfigurationList = 09713CCD2AC5E9E80055A195 /* Build configuration list for PBXNativeTarget "MasterTaskCode" */;
			buildPhases = (
				09713C9C2AC5E9E50055A195 /* Sources */,
				09713C9D2AC5E9E50055A195 /* Frameworks */,
				09713C9E2AC5E9E50055A195 /* Resources */,
			);
			buildRules = (
			);
			dependencies = (
			);
			name = MasterTaskCode;
			productName = MasterTaskCode;
			productReference = 09713CA02AC5E9E50055A195 /* MasterTaskCode.app */;
			productType = "com.apple.product-type.application";
		};
		09713CB82AC5E9E80055A195 /* MasterTaskCodeTests */ = {
			isa = PBXNativeTarget;
			buildConfigurationList = 09713CD02AC5E9E80055A195 /* Build configuration list for PBXNativeTarget "MasterTaskCodeTests" */;
			buildPhases = (
				09713CB52AC5E9E80055A195 /* Sources */,
				09713CB62AC5E9E80055A195 /* Frameworks */,
				09713CB72AC5E9E80055A195 /* Resources */,
			);
			buildRules = (
			);
			dependencies = (
				09713CBB2AC5E9E80055A195 /* PBXTargetDependency */,
			);
			name = MasterTaskCodeTests;
			productName = MasterTaskCodeTests;
			productReference = 09713CB92AC5E9E80055A195 /* MasterTaskCodeTests.xctest */;
			productType = "com.apple.product-type.bundle.unit-test";
		};
		09713CC22AC5E9E80055A195 /* MasterTaskCodeUITests */ = {
			isa = PBXNativeTarget;
			buildConfigurationList = 09713CD32AC5E9E80055A195 /* Build configuration list for PBXNativeTarget "MasterTaskCodeUITests" */;
			buildPhases = (
				09713CBF2AC5E9E80055A195 /* Sources */,
				09713CC02AC5E9E80055A195 /* Frameworks */,
				09713CC12AC5E9E80055A195 /* Resources */,
			);
			buildRules = (
			);
			dependencies = (
				09713CC52AC5E9E80055A195 /* PBXTargetDependency */,
			);
			name = MasterTaskCodeUITests;
			productName = MasterTaskCodeUITests;
			productReference = 09713CC32AC5E9E80055A195 /* MasterTaskCodeUITests.xctest */;
			productType = "com.apple.product-type.bundle.ui-testing";
		};
/* End PBXNativeTarget section */

/* Begin PBXProject section */
		09713C982AC5E9E50055A195 /* Project object */ = {
			isa = PBXProject;
			attributes = {
				BuildIndependentTargetsInParallel = 1;
				LastSwiftUpdateCheck = 1430;
				LastUpgradeCheck = 1430;
				TargetAttributes = {
					09713C9F2AC5E9E50055A195 = {
						CreatedOnToolsVersion = 14.3.1;
					};
					09713CB82AC5E9E80055A195 = {
						CreatedOnToolsVersion = 14.3.1;
						TestTargetID = 09713C9F2AC5E9E50055A195;
					};
					09713CC22AC5E9E80055A195 = {
						CreatedOnToolsVersion = 14.3.1;
						TestTargetID = 09713C9F2AC5E9E50055A195;
					};
				};
			};
			buildConfigurationList = 09713C9B2AC5E9E50055A195 /* Build configuration list for PBXProject "MasterTaskCode" */;
			compatibilityVersion = "Xcode 14.0";
			developmentRegion = en;
			hasScannedForEncodings = 0;
			knownRegions = (
				en,
				Base,
			);
			mainGroup = 09713C972AC5E9E50055A195;
			productRefGroup = 09713CA12AC5E9E50055A195 /* Products */;
			projectDirPath = "";
			projectRoot = "";
			targets = (
				09713C9F2AC5E9E50055A195 /* MasterTaskCode */,
				09713CB82AC5E9E80055A195 /* MasterTaskCodeTests */,
				09713CC22AC5E9E80055A195 /* MasterTaskCodeUITests */,
			);
		};
/* End PBXProject section */

/* Begin PBXResourcesBuildPhase section */
		09713C9E2AC5E9E50055A195 /* Resources */ = {
			isa = PBXResourcesBuildPhase;
			buildActionMask = 2147483647;
			files = (
				09D06C572B1E456500B5623D /* Challenge-iOS.pdf in Resources */,
				09E16A212ADB4733008B9345 /* RSSportfolio in Resources */,
				09CC9C702AD875EF00D02301 /* NikeTask in Resources */,
				09CC9C642AD6186B00D02301 /* NYC School Code Challenge_iOS.pdf 18-40-05-038.pdf in Resources */,
				09713CB32AC5E9E70055A195 /* LaunchScreen.storyboard in Resources */,
				09713CB02AC5E9E70055A195 /* Assets.xcassets in Resources */,
				09713CAB2AC5E9E50055A195 /* Main.storyboard in Resources */,
				09E16A1F2ADB46B5008B9345 /* Flightcamp in Resources */,
				092D87DE2ADF46EB00611180 /* Improve in Resources */,
				09CC9C6E2AD875B600D02301 /* NikeTask.pdf in Resources */,
				0992B64C2AD614760009DA5F /* AA Coding Exercise.pdf in Resources */,
				0992B6502AD6162A0009DA5F /* MAAD-MobileEngineerCandidateCodeExercisev2.1-050521-1950.pdf in Resources */,
				0992B64A2AD614520009DA5F /* ToyotaCodingTask.pdf in Resources */,
				09E16A1D2ADB467E008B9345 /* README.md in Resources */,
				0992B6462AD0A1B20009DA5F /* PreparationPlan in Resources */,
			);
			runOnlyForDeploymentPostprocessing = 0;
		};
		09713CB72AC5E9E80055A195 /* Resources */ = {
			isa = PBXResourcesBuildPhase;
			buildActionMask = 2147483647;
			files = (
			);
			runOnlyForDeploymentPostprocessing = 0;
		};
		09713CC12AC5E9E80055A195 /* Resources */ = {
			isa = PBXResourcesBuildPhase;
			buildActionMask = 2147483647;
			files = (
			);
			runOnlyForDeploymentPostprocessing = 0;
		};
/* End PBXResourcesBuildPhase section */

/* Begin PBXSourcesBuildPhase section */
		09713C9C2AC5E9E50055A195 /* Sources */ = {
			isa = PBXSourcesBuildPhase;
			buildActionMask = 2147483647;
			files = (
				09713CD72AC5EA7F0055A195 /* PreparationPlan.swift in Sources */,
				09713CE52AC5EAD30055A195 /* Constants.swift in Sources */,
				09713CE22AC5EAD30055A195 /* DateHelper.swift in Sources */,
				09CC9C6A2AD619E000D02301 /* SATScore.swift in Sources */,
				09713CA82AC5E9E50055A195 /* ViewController.swift in Sources */,
				09713CE32AC5EAD30055A195 /* AlertVC.swift in Sources */,
				09713CAE2AC5E9E50055A195 /* MasterTaskCode.xcdatamodeld in Sources */,
				09713CE42AC5EAD30055A195 /* WeatherError.swift in Sources */,
				09CC9C692AD619E000D02301 /* School.swift in Sources */,
				09713CDD2AC5EAB60055A195 /* NetworkManager.swift in Sources */,
				09713CA42AC5E9E50055A195 /* AppDelegate.swift in Sources */,
				09CC9C6C2AD7AFAE00D02301 /* DetailsViewController.swift in Sources */,
				09CC9C662AD619C700D02301 /* SchoolViewModel.swift in Sources */,
				09713CDC2AC5EAB60055A195 /* NetworkConstant.swift in Sources */,
				09CC9C722AD8764800D02301 /* LoaderView.swift in Sources */,
				09713CA62AC5E9E50055A195 /* SceneDelegate.swift in Sources */,
				09713CE92AC5EB420055A195 /* LanchScreenViewController.swift in Sources */,
				09E16A1A2AD8F33D008B9345 /* SchoolDetailsViewmodel.swift in Sources */,
			);
			runOnlyForDeploymentPostprocessing = 0;
		};
		09713CB52AC5E9E80055A195 /* Sources */ = {
			isa = PBXSourcesBuildPhase;
			buildActionMask = 2147483647;
			files = (
				09713CBE2AC5E9E80055A195 /* MasterTaskCodeTests.swift in Sources */,
			);
			runOnlyForDeploymentPostprocessing = 0;
		};
		09713CBF2AC5E9E80055A195 /* Sources */ = {
			isa = PBXSourcesBuildPhase;
			buildActionMask = 2147483647;
			files = (
				09713CCA2AC5E9E80055A195 /* MasterTaskCodeUITestsLaunchTests.swift in Sources */,
				09713CC82AC5E9E80055A195 /* MasterTaskCodeUITests.swift in Sources */,
			);
			runOnlyForDeploymentPostprocessing = 0;
		};
/* End PBXSourcesBuildPhase section */

/* Begin PBXTargetDependency section */
		09713CBB2AC5E9E80055A195 /* PBXTargetDependency */ = {
			isa = PBXTargetDependency;
			target = 09713C9F2AC5E9E50055A195 /* MasterTaskCode */;
			targetProxy = 09713CBA2AC5E9E80055A195 /* PBXContainerItemProxy */;
		};
		09713CC52AC5E9E80055A195 /* PBXTargetDependency */ = {
			isa = PBXTargetDependency;
			target = 09713C9F2AC5E9E50055A195 /* MasterTaskCode */;
			targetProxy = 09713CC42AC5E9E80055A195 /* PBXContainerItemProxy */;
		};
/* End PBXTargetDependency section */

/* Begin PBXVariantGroup section */
		09713CA92AC5E9E50055A195 /* Main.storyboard */ = {
			isa = PBXVariantGroup;
			children = (
				09713CAA2AC5E9E50055A195 /* Base */,
			);
			name = Main.storyboard;
			sourceTree = "<group>";
		};
		09713CB12AC5E9E70055A195 /* LaunchScreen.storyboard */ = {
			isa = PBXVariantGroup;
			children = (
				09713CB22AC5E9E70055A195 /* Base */,
			);
			name = LaunchScreen.storyboard;
			sourceTree = "<group>";
		};
/* End PBXVariantGroup section */

/* Begin XCBuildConfiguration section */
		09713CCB2AC5E9E80055A195 /* Debug */ = {
			isa = XCBuildConfiguration;
			buildSettings = {
				ALWAYS_SEARCH_USER_PATHS = NO;
				CLANG_ANALYZER_NONNULL = YES;
				CLANG_ANALYZER_NUMBER_OBJECT_CONVERSION = YES_AGGRESSIVE;
				CLANG_CXX_LANGUAGE_STANDARD = "gnu++20";
				CLANG_ENABLE_MODULES = YES;
				CLANG_ENABLE_OBJC_ARC = YES;
				CLANG_ENABLE_OBJC_WEAK = YES;
				CLANG_WARN_BLOCK_CAPTURE_AUTORELEASING = YES;
				CLANG_WARN_BOOL_CONVERSION = YES;
				CLANG_WARN_COMMA = YES;
				CLANG_WARN_CONSTANT_CONVERSION = YES;
				CLANG_WARN_DEPRECATED_OBJC_IMPLEMENTATIONS = YES;
				CLANG_WARN_DIRECT_OBJC_ISA_USAGE = YES_ERROR;
				CLANG_WARN_DOCUMENTATION_COMMENTS = YES;
				CLANG_WARN_EMPTY_BODY = YES;
				CLANG_WARN_ENUM_CONVERSION = YES;
				CLANG_WARN_INFINITE_RECURSION = YES;
				CLANG_WARN_INT_CONVERSION = YES;
				CLANG_WARN_NON_LITERAL_NULL_CONVERSION = YES;
				CLANG_WARN_OBJC_IMPLICIT_RETAIN_SELF = YES;
				CLANG_WARN_OBJC_LITERAL_CONVERSION = YES;
				CLANG_WARN_OBJC_ROOT_CLASS = YES_ERROR;
				CLANG_WARN_QUOTED_INCLUDE_IN_FRAMEWORK_HEADER = YES;
				CLANG_WARN_RANGE_LOOP_ANALYSIS = YES;
				CLANG_WARN_STRICT_PROTOTYPES = YES;
				CLANG_WARN_SUSPICIOUS_MOVE = YES;
				CLANG_WARN_UNGUARDED_AVAILABILITY = YES_AGGRESSIVE;
				CLANG_WARN_UNREACHABLE_CODE = YES;
				CLANG_WARN__DUPLICATE_METHOD_MATCH = YES;
				COPY_PHASE_STRIP = NO;
				DEBUG_INFORMATION_FORMAT = dwarf;
				ENABLE_STRICT_OBJC_MSGSEND = YES;
				ENABLE_TESTABILITY = YES;
				GCC_C_LANGUAGE_STANDARD = gnu11;
				GCC_DYNAMIC_NO_PIC = NO;
				GCC_NO_COMMON_BLOCKS = YES;
				GCC_OPTIMIZATION_LEVEL = 0;
				GCC_PREPROCESSOR_DEFINITIONS = (
					"DEBUG=1",
					"$(inherited)",
				);
				GCC_WARN_64_TO_32_BIT_CONVERSION = YES;
				GCC_WARN_ABOUT_RETURN_TYPE = YES_ERROR;
				GCC_WARN_UNDECLARED_SELECTOR = YES;
				GCC_WARN_UNINITIALIZED_AUTOS = YES_AGGRESSIVE;
				GCC_WARN_UNUSED_FUNCTION = YES;
				GCC_WARN_UNUSED_VARIABLE = YES;
				IPHONEOS_DEPLOYMENT_TARGET = 16.4;
				MTL_ENABLE_DEBUG_INFO = INCLUDE_SOURCE;
				MTL_FAST_MATH = YES;
				ONLY_ACTIVE_ARCH = YES;
				SDKROOT = iphoneos;
				SWIFT_ACTIVE_COMPILATION_CONDITIONS = DEBUG;
				SWIFT_OPTIMIZATION_LEVEL = "-Onone";
			};
			name = Debug;
		};
		09713CCC2AC5E9E80055A195 /* Release */ = {
			isa = XCBuildConfiguration;
			buildSettings = {
				ALWAYS_SEARCH_USER_PATHS = NO;
				CLANG_ANALYZER_NONNULL = YES;
				CLANG_ANALYZER_NUMBER_OBJECT_CONVERSION = YES_AGGRESSIVE;
				CLANG_CXX_LANGUAGE_STANDARD = "gnu++20";
				CLANG_ENABLE_MODULES = YES;
				CLANG_ENABLE_OBJC_ARC = YES;
				CLANG_ENABLE_OBJC_WEAK = YES;
				CLANG_WARN_BLOCK_CAPTURE_AUTORELEASING = YES;
				CLANG_WARN_BOOL_CONVERSION = YES;
				CLANG_WARN_COMMA = YES;
				CLANG_WARN_CONSTANT_CONVERSION = YES;
				CLANG_WARN_DEPRECATED_OBJC_IMPLEMENTATIONS = YES;
				CLANG_WARN_DIRECT_OBJC_ISA_USAGE = YES_ERROR;
				CLANG_WARN_DOCUMENTATION_COMMENTS = YES;
				CLANG_WARN_EMPTY_BODY = YES;
				CLANG_WARN_ENUM_CONVERSION = YES;
				CLANG_WARN_INFINITE_RECURSION = YES;
				CLANG_WARN_INT_CONVERSION = YES;
				CLANG_WARN_NON_LITERAL_NULL_CONVERSION = YES;
				CLANG_WARN_OBJC_IMPLICIT_RETAIN_SELF = YES;
				CLANG_WARN_OBJC_LITERAL_CONVERSION = YES;
				CLANG_WARN_OBJC_ROOT_CLASS = YES_ERROR;
				CLANG_WARN_QUOTED_INCLUDE_IN_FRAMEWORK_HEADER = YES;
				CLANG_WARN_RANGE_LOOP_ANALYSIS = YES;
				CLANG_WARN_STRICT_PROTOTYPES = YES;
				CLANG_WARN_SUSPICIOUS_MOVE = YES;
				CLANG_WARN_UNGUARDED_AVAILABILITY = YES_AGGRESSIVE;
				CLANG_WARN_UNREACHABLE_CODE = YES;
				CLANG_WARN__DUPLICATE_METHOD_MATCH = YES;
				COPY_PHASE_STRIP = NO;
				DEBUG_INFORMATION_FORMAT = "dwarf-with-dsym";
				ENABLE_NS_ASSERTIONS = NO;
				ENABLE_STRICT_OBJC_MSGSEND = YES;
				GCC_C_LANGUAGE_STANDARD = gnu11;
				GCC_NO_COMMON_BLOCKS = YES;
				GCC_WARN_64_TO_32_BIT_CONVERSION = YES;
				GCC_WARN_ABOUT_RETURN_TYPE = YES_ERROR;
				GCC_WARN_UNDECLARED_SELECTOR = YES;
				GCC_WARN_UNINITIALIZED_AUTOS = YES_AGGRESSIVE;
				GCC_WARN_UNUSED_FUNCTION = YES;
				GCC_WARN_UNUSED_VARIABLE = YES;
				IPHONEOS_DEPLOYMENT_TARGET = 16.4;
				MTL_ENABLE_DEBUG_INFO = NO;
				MTL_FAST_MATH = YES;
				SDKROOT = iphoneos;
				SWIFT_COMPILATION_MODE = wholemodule;
				SWIFT_OPTIMIZATION_LEVEL = "-O";
				VALIDATE_PRODUCT = YES;
			};
			name = Release;
		};
		09713CCE2AC5E9E80055A195 /* Debug */ = {
			isa = XCBuildConfiguration;
			buildSettings = {
				ASSETCATALOG_COMPILER_APPICON_NAME = AppIcon;
				ASSETCATALOG_COMPILER_GLOBAL_ACCENT_COLOR_NAME = AccentColor;
				CODE_SIGN_STYLE = Automatic;
				CURRENT_PROJECT_VERSION = 1;
				DEVELOPMENT_TEAM = J6RX5U9YUT;
				GENERATE_INFOPLIST_FILE = YES;
				INFOPLIST_FILE = MasterTaskCode/Info.plist;
				INFOPLIST_KEY_UIApplicationSupportsIndirectInputEvents = YES;
				INFOPLIST_KEY_UILaunchStoryboardName = LaunchScreen;
				INFOPLIST_KEY_UIMainStoryboardFile = Main;
				INFOPLIST_KEY_UISupportedInterfaceOrientations_iPad = "UIInterfaceOrientationPortrait UIInterfaceOrientationPortraitUpsideDown UIInterfaceOrientationLandscapeLeft UIInterfaceOrientationLandscapeRight";
				INFOPLIST_KEY_UISupportedInterfaceOrientations_iPhone = "UIInterfaceOrientationPortrait UIInterfaceOrientationLandscapeLeft UIInterfaceOrientationLandscapeRight";
				LD_RUNPATH_SEARCH_PATHS = (
					"$(inherited)",
					"@executable_path/Frameworks",
				);
				MARKETING_VERSION = 1.0;
				PRODUCT_BUNDLE_IDENTIFIER = "veerababu-Mulugu.MasterTaskCode";
				PRODUCT_NAME = "$(TARGET_NAME)";
				SWIFT_EMIT_LOC_STRINGS = YES;
				SWIFT_VERSION = 5.0;
				TARGETED_DEVICE_FAMILY = "1,2";
			};
			name = Debug;
		};
		09713CCF2AC5E9E80055A195 /* Release */ = {
			isa = XCBuildConfiguration;
			buildSettings = {
				ASSETCATALOG_COMPILER_APPICON_NAME = AppIcon;
				ASSETCATALOG_COMPILER_GLOBAL_ACCENT_COLOR_NAME = AccentColor;
				CODE_SIGN_STYLE = Automatic;
				CURRENT_PROJECT_VERSION = 1;
				DEVELOPMENT_TEAM = J6RX5U9YUT;
				GENERATE_INFOPLIST_FILE = YES;
				INFOPLIST_FILE = MasterTaskCode/Info.plist;
				INFOPLIST_KEY_UIApplicationSupportsIndirectInputEvents = YES;
				INFOPLIST_KEY_UILaunchStoryboardName = LaunchScreen;
				INFOPLIST_KEY_UIMainStoryboardFile = Main;
				INFOPLIST_KEY_UISupportedInterfaceOrientations_iPad = "UIInterfaceOrientationPortrait UIInterfaceOrientationPortraitUpsideDown UIInterfaceOrientationLandscapeLeft UIInterfaceOrientationLandscapeRight";
				INFOPLIST_KEY_UISupportedInterfaceOrientations_iPhone = "UIInterfaceOrientationPortrait UIInterfaceOrientationLandscapeLeft UIInterfaceOrientationLandscapeRight";
				LD_RUNPATH_SEARCH_PATHS = (
					"$(inherited)",
					"@executable_path/Frameworks",
				);
				MARKETING_VERSION = 1.0;
				PRODUCT_BUNDLE_IDENTIFIER = "veerababu-Mulugu.MasterTaskCode";
				PRODUCT_NAME = "$(TARGET_NAME)";
				SWIFT_EMIT_LOC_STRINGS = YES;
				SWIFT_VERSION = 5.0;
				TARGETED_DEVICE_FAMILY = "1,2";
			};
			name = Release;
		};
		09713CD12AC5E9E80055A195 /* Debug */ = {
			isa = XCBuildConfiguration;
			buildSettings = {
				ALWAYS_EMBED_SWIFT_STANDARD_LIBRARIES = YES;
				BUNDLE_LOADER = "$(TEST_HOST)";
				CODE_SIGN_STYLE = Automatic;
				CURRENT_PROJECT_VERSION = 1;
				DEVELOPMENT_TEAM = J6RX5U9YUT;
				GENERATE_INFOPLIST_FILE = YES;
				IPHONEOS_DEPLOYMENT_TARGET = 16.4;
				MARKETING_VERSION = 1.0;
				PRODUCT_BUNDLE_IDENTIFIER = "veerababu-Mulugu.MasterTaskCodeTests";
				PRODUCT_NAME = "$(TARGET_NAME)";
				SWIFT_EMIT_LOC_STRINGS = NO;
				SWIFT_VERSION = 5.0;
				TARGETED_DEVICE_FAMILY = "1,2";
				TEST_HOST = "$(BUILT_PRODUCTS_DIR)/MasterTaskCode.app/$(BUNDLE_EXECUTABLE_FOLDER_PATH)/MasterTaskCode";
			};
			name = Debug;
		};
		09713CD22AC5E9E80055A195 /* Release */ = {
			isa = XCBuildConfiguration;
			buildSettings = {
				ALWAYS_EMBED_SWIFT_STANDARD_LIBRARIES = YES;
				BUNDLE_LOADER = "$(TEST_HOST)";
				CODE_SIGN_STYLE = Automatic;
				CURRENT_PROJECT_VERSION = 1;
				DEVELOPMENT_TEAM = J6RX5U9YUT;
				GENERATE_INFOPLIST_FILE = YES;
				IPHONEOS_DEPLOYMENT_TARGET = 16.4;
				MARKETING_VERSION = 1.0;
				PRODUCT_BUNDLE_IDENTIFIER = "veerababu-Mulugu.MasterTaskCodeTests";
				PRODUCT_NAME = "$(TARGET_NAME)";
				SWIFT_EMIT_LOC_STRINGS = NO;
				SWIFT_VERSION = 5.0;
				TARGETED_DEVICE_FAMILY = "1,2";
				TEST_HOST = "$(BUILT_PRODUCTS_DIR)/MasterTaskCode.app/$(BUNDLE_EXECUTABLE_FOLDER_PATH)/MasterTaskCode";
			};
			name = Release;
		};
		09713CD42AC5E9E80055A195 /* Debug */ = {
			isa = XCBuildConfiguration;
			buildSettings = {
				ALWAYS_EMBED_SWIFT_STANDARD_LIBRARIES = YES;
				CODE_SIGN_STYLE = Automatic;
				CURRENT_PROJECT_VERSION = 1;
				DEVELOPMENT_TEAM = J6RX5U9YUT;
				GENERATE_INFOPLIST_FILE = YES;
				MARKETING_VERSION = 1.0;
				PRODUCT_BUNDLE_IDENTIFIER = "veerababu-Mulugu.MasterTaskCodeUITests";
				PRODUCT_NAME = "$(TARGET_NAME)";
				SWIFT_EMIT_LOC_STRINGS = NO;
				SWIFT_VERSION = 5.0;
				TARGETED_DEVICE_FAMILY = "1,2";
				TEST_TARGET_NAME = MasterTaskCode;
			};
			name = Debug;
		};
		09713CD52AC5E9E80055A195 /* Release */ = {
			isa = XCBuildConfiguration;
			buildSettings = {
				ALWAYS_EMBED_SWIFT_STANDARD_LIBRARIES = YES;
				CODE_SIGN_STYLE = Automatic;
				CURRENT_PROJECT_VERSION = 1;
				DEVELOPMENT_TEAM = J6RX5U9YUT;
				GENERATE_INFOPLIST_FILE = YES;
				MARKETING_VERSION = 1.0;
				PRODUCT_BUNDLE_IDENTIFIER = "veerababu-Mulugu.MasterTaskCodeUITests";
				PRODUCT_NAME = "$(TARGET_NAME)";
				SWIFT_EMIT_LOC_STRINGS = NO;
				SWIFT_VERSION = 5.0;
				TARGETED_DEVICE_FAMILY = "1,2";
				TEST_TARGET_NAME = MasterTaskCode;
			};
			name = Release;
		};
/* End XCBuildConfiguration section */

/* Begin XCConfigurationList section */
		09713C9B2AC5E9E50055A195 /* Build configuration list for PBXProject "MasterTaskCode" */ = {
			isa = XCConfigurationList;
			buildConfigurations = (
				09713CCB2AC5E9E80055A195 /* Debug */,
				09713CCC2AC5E9E80055A195 /* Release */,
			);
			defaultConfigurationIsVisible = 0;
			defaultConfigurationName = Release;
		};
		09713CCD2AC5E9E80055A195 /* Build configuration list for PBXNativeTarget "MasterTaskCode" */ = {
			isa = XCConfigurationList;
			buildConfigurations = (
				09713CCE2AC5E9E80055A195 /* Debug */,
				09713CCF2AC5E9E80055A195 /* Release */,
			);
			defaultConfigurationIsVisible = 0;
			defaultConfigurationName = Release;
		};
		09713CD02AC5E9E80055A195 /* Build configuration list for PBXNativeTarget "MasterTaskCodeTests" */ = {
			isa = XCConfigurationList;
			buildConfigurations = (
				09713CD12AC5E9E80055A195 /* Debug */,
				09713CD22AC5E9E80055A195 /* Release */,
			);
			defaultConfigurationIsVisible = 0;
			defaultConfigurationName = Release;
		};
		09713CD32AC5E9E80055A195 /* Build configuration list for PBXNativeTarget "MasterTaskCodeUITests" */ = {
			isa = XCConfigurationList;
			buildConfigurations = (
				09713CD42AC5E9E80055A195 /* Debug */,
				09713CD52AC5E9E80055A195 /* Release */,
			);
			defaultConfigurationIsVisible = 0;
			defaultConfigurationName = Release;
		};
/* End XCConfigurationList section */

/* Begin XCVersionGroup section */
		09713CAC2AC5E9E50055A195 /* MasterTaskCode.xcdatamodeld */ = {
			isa = XCVersionGroup;
			children = (
				09713CAD2AC5E9E50055A195 /* MasterTaskCode.xcdatamodel */,
			);
			currentVersion = 09713CAD2AC5E9E50055A195 /* MasterTaskCode.xcdatamodel */;
			path = MasterTaskCode.xcdatamodeld;
			sourceTree = "<group>";
			versionGroupType = wrapper.xcdatamodel;
		};
/* End XCVersionGroup section */
	};
	rootObject = 09713C982AC5E9E50055A195 /* Project object */;
}
